
Microsoft Visual Studio Solution File, Format Version 12.00
# Visual Studio Version 17
VisualStudioVersion = 17.4.33205.214
MinimumVisualStudioVersion = 10.0.40219.1
Project("{9A19103F-16F7-4668-BE54-9A1E7A4F7556}") = "OrderPlacement", "OrderPlacement\OrderPlacement.csproj", "{2B3BD5D2-92DA-4CAE-AFC1-B0507E3B9584}"
EndProject
Project("{FAE04EC0-301F-11D3-BF4B-00C04F79EFBC}") = "OrderLibraryTest", "OrderLibraryTest\OrderLibraryTest.csproj", "{551FAD5B-6F07-456A-8156-E45E43FDDB7F}"
EndProject
Global
	GlobalSection(SolutionConfigurationPlatforms) = preSolution
		Debug|Any CPU = Debug|Any CPU
		Release|Any CPU = Release|Any CPU
	EndGlobalSection
	GlobalSection(ProjectConfigurationPlatforms) = postSolution
		{2B3BD5D2-92DA-4CAE-AFC1-B0507E3B9584}.Debug|Any CPU.ActiveCfg = Debug|Any CPU
		{2B3BD5D2-92DA-4CAE-AFC1-B0507E3B9584}.Debug|Any CPU.Build.0 = Debug|Any CPU
		{2B3BD5D2-92DA-4CAE-AFC1-B0507E3B9584}.Release|Any CPU.ActiveCfg = Release|Any CPU
		{2B3BD5D2-92DA-4CAE-AFC1-B0507E3B9584}.Release|Any CPU.Build.0 = Release|Any CPU
		{551FAD5B-6F07-456A-8156-E45E43FDDB7F}.Debug|Any CPU.ActiveCfg = Debug|Any CPU
		{551FAD5B-6F07-456A-8156-E45E43FDDB7F}.Debug|Any CPU.Build.0 = Debug|Any CPU
		{551FAD5B-6F07-456A-8156-E45E43FDDB7F}.Release|Any CPU.ActiveCfg = Release|Any CPU
		{551FAD5B-6F07-456A-8156-E45E43FDDB7F}.Release|Any CPU.Build.0 = Release|Any CPU
	EndGlobalSection
	GlobalSection(SolutionProperties) = preSolution
		HideSolutionNode = FALSE
	EndGlobalSection
	GlobalSection(ExtensibilityGlobals) = postSolution
		SolutionGuid = {C42B23B5-3307-446E-8CCD-2EDBE814835D}
	EndGlobalSection
EndGlobal
